<Solution>
  <Folder Name="/src/">
    <Project Path="src/LabDesk.Api/LabDesk.Api.csproj" />
  </Folder>
  <Folder Name="/src/BuildingBlocks/">
    <Project Path="src/BuildingBlocks/LabDesk.BuildingBlocks.Application/LabDesk.BuildingBlocks.Application.csproj" />
    <Project Path="src/BuildingBlocks/LabDesk.BuildingBlocks.Domain/LabDesk.BuildingBlocks.Domain.csproj" />
    <Project Path="src/BuildingBlocks/LabDesk.BuildingBlocks.Infrastructure/LabDesk.BuildingBlocks.Infrastructure.csproj" />
  </Folder>
  <Folder Name="/test/" />
  <Project Path="docker-compose.dcproj">
    <Build />
  </Project>
</Solution>
